// !$*UTF8*$!
{
	archiveVersion = 1;
	classes = {
	};
	objectVersion = 50;
	objects = {

/* Begin PBXBuildFile section */
		3F02656221DD30D80030867A /* MediaItem.swift in Sources */ = {isa = PBXBuildFile; fileRef = 3F02656121DD30D80030867A /* MediaItem.swift */; };
		3F02656421DD3A350030867A /* Artwork.swift in Sources */ = {isa = PBXBuildFile; fileRef = 3F02656321DD3A350030867A /* Artwork.swift */; };
		3F1EACE0210FD18000C5ADFE /* AppleMusicSearchGenerator.swift in Sources */ = {isa = PBXBuildFile; fileRef = 3F1EACDF210FD18000C5ADFE /* AppleMusicSearchGenerator.swift */; };
		3F377561212519670037CA18 /* QTableViewCell.swift in Sources */ = {isa = PBXBuildFile; fileRef = 3F377560212519670037CA18 /* QTableViewCell.swift */; };
		3F3B3ADB21DD864C007670B6 /* MiniQPageViewController.swift in Sources */ = {isa = PBXBuildFile; fileRef = 3F3B3ADA21DD864C007670B6 /* MiniQPageViewController.swift */; };
		3F47825821A31A1F0049E767 /* AlbumTableViewController.swift in Sources */ = {isa = PBXBuildFile; fileRef = 3F47825721A31A1F0049E767 /* AlbumTableViewController.swift */; };
		3F630992210ADA940055DD5E /* MusicSearchViewController.swift in Sources */ = {isa = PBXBuildFile; fileRef = 3F630991210ADA940055DD5E /* MusicSearchViewController.swift */; };
		3F68F4FF20F57DF300928008 /* AppDelegate.swift in Sources */ = {isa = PBXBuildFile; fileRef = 3F68F4FE20F57DF300928008 /* AppDelegate.swift */; };
		3F68F50120F57DF300928008 /* LoginViewController.swift in Sources */ = {isa = PBXBuildFile; fileRef = 3F68F50020F57DF300928008 /* LoginViewController.swift */; };
		3F68F50420F57DF300928008 /* Main.storyboard in Resources */ = {isa = PBXBuildFile; fileRef = 3F68F50220F57DF300928008 /* Main.storyboard */; };
		3F68F50620F57DF500928008 /* Assets.xcassets in Resources */ = {isa = PBXBuildFile; fileRef = 3F68F50520F57DF500928008 /* Assets.xcassets */; };
		3F68F50920F57DF500928008 /* LaunchScreen.storyboard in Resources */ = {isa = PBXBuildFile; fileRef = 3F68F50720F57DF500928008 /* LaunchScreen.storyboard */; };
		3F7A823020FCDB7900965FB6 /* Parse.framework in Frameworks */ = {isa = PBXBuildFile; fileRef = 3F7A822B20FCDB3C00965FB6 /* Parse.framework */; };
		3F7A823120FCDB8800965FB6 /* Bolts.framework in Frameworks */ = {isa = PBXBuildFile; fileRef = 3F7A822A20FCDB3C00965FB6 /* Bolts.framework */; };
		3F7A823220FCDB9100965FB6 /* AudioToolbox.framework in Frameworks */ = {isa = PBXBuildFile; fileRef = 3F7A822E20FCDB5E00965FB6 /* AudioToolbox.framework */; };
		3F7A823420FCDBA700965FB6 /* CFNetwork.framework in Frameworks */ = {isa = PBXBuildFile; fileRef = 3F7A823320FCDBA700965FB6 /* CFNetwork.framework */; };
		3F7A823620FCDBB100965FB6 /* CoreGraphics.framework in Frameworks */ = {isa = PBXBuildFile; fileRef = 3F7A823520FCDBB100965FB6 /* CoreGraphics.framework */; };
		3F7A823820FCDBBE00965FB6 /* CoreLocation.framework in Frameworks */ = {isa = PBXBuildFile; fileRef = 3F7A823720FCDBBE00965FB6 /* CoreLocation.framework */; };
		3F7A823A20FCDBD600965FB6 /* MobileCoreServices.framework in Frameworks */ = {isa = PBXBuildFile; fileRef = 3F7A823920FCDBD600965FB6 /* MobileCoreServices.framework */; };
		3F7A823C20FCDBDF00965FB6 /* QuartzCore.framework in Frameworks */ = {isa = PBXBuildFile; fileRef = 3F7A823B20FCDBDF00965FB6 /* QuartzCore.framework */; };
		3F7A823E20FCDBED00965FB6 /* Security.framework in Frameworks */ = {isa = PBXBuildFile; fileRef = 3F7A823D20FCDBED00965FB6 /* Security.framework */; };
		3F7A824020FCDBF700965FB6 /* StoreKit.framework in Frameworks */ = {isa = PBXBuildFile; fileRef = 3F7A823F20FCDBF700965FB6 /* StoreKit.framework */; };
		3F7A824220FCDC0200965FB6 /* SystemConfiguration.framework in Frameworks */ = {isa = PBXBuildFile; fileRef = 3F7A824120FCDC0200965FB6 /* SystemConfiguration.framework */; };
		3F7A824420FCDC1100965FB6 /* libsqlite3.tbd in Frameworks */ = {isa = PBXBuildFile; fileRef = 3F7A824320FCDC1100965FB6 /* libsqlite3.tbd */; };
		3F7A824620FCDC1B00965FB6 /* libz.tbd in Frameworks */ = {isa = PBXBuildFile; fileRef = 3F7A824520FCDC1B00965FB6 /* libz.tbd */; };
		3FAEA7022104E76E0069B8BF /* QUserViewController.swift in Sources */ = {isa = PBXBuildFile; fileRef = 3FAEA7012104E76E0069B8BF /* QUserViewController.swift */; };
		3FAEA7072104F1770069B8BF /* QUser.swift in Sources */ = {isa = PBXBuildFile; fileRef = 3FAEA7062104F1770069B8BF /* QUser.swift */; };
		3FAEA70B210568B60069B8BF /* Q.swift in Sources */ = {isa = PBXBuildFile; fileRef = 3FAEA70A210568B60069B8BF /* Q.swift */; };
		3FAEA70D210568C80069B8BF /* QViewController.swift in Sources */ = {isa = PBXBuildFile; fileRef = 3FAEA70C210568C80069B8BF /* QViewController.swift */; };
		3FAF7CBC211C02AD00AF83E7 /* AlbumTableViewCell.swift in Sources */ = {isa = PBXBuildFile; fileRef = 3FAF7CBB211C02AD00AF83E7 /* AlbumTableViewCell.swift */; };
		3FAF7CBF211C02DB00AF83E7 /* SongTableViewCell.swift in Sources */ = {isa = PBXBuildFile; fileRef = 3FAF7CBE211C02DB00AF83E7 /* SongTableViewCell.swift */; };
		3FC2239F21DFAEDE0044E054 /* MaxQPageViewController.swift in Sources */ = {isa = PBXBuildFile; fileRef = 3FC2239E21DFAEDE0044E054 /* MaxQPageViewController.swift */; };
		3FC223A321DFB2F90044E054 /* QPageModel.swift in Sources */ = {isa = PBXBuildFile; fileRef = 3FC223A221DFB2F90044E054 /* QPageModel.swift */; };
		3FCDAD262181406200C90B4B /* MusicSearchTableViewCell.swift in Sources */ = {isa = PBXBuildFile; fileRef = 3FCDAD252181406200C90B4B /* MusicSearchTableViewCell.swift */; };
		3FDDF12F20FF11360054F6F7 /* SignUpViewController.swift in Sources */ = {isa = PBXBuildFile; fileRef = 3FDDF12E20FF11360054F6F7 /* SignUpViewController.swift */; };
		3FE23A7121CFB7F700A0F882 /* MusicSearchNavigationViewController.swift in Sources */ = {isa = PBXBuildFile; fileRef = 3FE23A7021CFB7F700A0F882 /* MusicSearchNavigationViewController.swift */; };
		3FE23A7821CFBD7600A0F882 /* AppleMusicConfiguration.swift in Sources */ = {isa = PBXBuildFile; fileRef = 3FE23A7721CFBD7600A0F882 /* AppleMusicConfiguration.swift */; };
		3FE5D35E2111257700CABC65 /* AppleMusicAuthorizationController.swift in Sources */ = {isa = PBXBuildFile; fileRef = 3FE5D35D2111257700CABC65 /* AppleMusicAuthorizationController.swift */; };
		3FE5D36121112EAF00CABC65 /* AppleMusicController.swift in Sources */ = {isa = PBXBuildFile; fileRef = 3FE5D36021112EAF00CABC65 /* AppleMusicController.swift */; };
		3FE5D365211158FE00CABC65 /* JSONKeys.swift in Sources */ = {isa = PBXBuildFile; fileRef = 3FE5D364211158FE00CABC65 /* JSONKeys.swift */; };
		3FE5D3672111592700CABC65 /* AppleMusicArtwork.swift in Sources */ = {isa = PBXBuildFile; fileRef = 3FE5D3662111592700CABC65 /* AppleMusicArtwork.swift */; };
		3FE5D3692111593A00CABC65 /* AppleMusicMediaItem.swift in Sources */ = {isa = PBXBuildFile; fileRef = 3FE5D3682111593A00CABC65 /* AppleMusicMediaItem.swift */; };
		3FE5D36B2111595000CABC65 /* SerializationError.swift in Sources */ = {isa = PBXBuildFile; fileRef = 3FE5D36A2111595000CABC65 /* SerializationError.swift */; };
		3FF49FB021DEA1DC00D9A377 /* QStatusViewController.swift in Sources */ = {isa = PBXBuildFile; fileRef = 3FF49FAF21DEA1DC00D9A377 /* QStatusViewController.swift */; };
		DFDC78E72B4F60E49B07FABB /* Pods_Q.framework in Frameworks */ = {isa = PBXBuildFile; fileRef = 2CE5A4A6B46119F265CC2D43 /* Pods_Q.framework */; };
/* End PBXBuildFile section */

/* Begin PBXFileReference section */
		2CE5A4A6B46119F265CC2D43 /* Pods_Q.framework */ = {isa = PBXFileReference; explicitFileType = wrapper.framework; includeInIndex = 0; path = Pods_Q.framework; sourceTree = BUILT_PRODUCTS_DIR; };
		3A28B5CF87879FE503B5C05C /* Pods-Q.debug.xcconfig */ = {isa = PBXFileReference; includeInIndex = 1; lastKnownFileType = text.xcconfig; name = "Pods-Q.debug.xcconfig"; path = "Pods/Target Support Files/Pods-Q/Pods-Q.debug.xcconfig"; sourceTree = "<group>"; };
		3F02656121DD30D80030867A /* MediaItem.swift */ = {isa = PBXFileReference; lastKnownFileType = sourcecode.swift; path = MediaItem.swift; sourceTree = "<group>"; };
		3F02656321DD3A350030867A /* Artwork.swift */ = {isa = PBXFileReference; lastKnownFileType = sourcecode.swift; path = Artwork.swift; sourceTree = "<group>"; };
		3F1EACDF210FD18000C5ADFE /* AppleMusicSearchGenerator.swift */ = {isa = PBXFileReference; lastKnownFileType = sourcecode.swift; path = AppleMusicSearchGenerator.swift; sourceTree = "<group>"; };
		3F377560212519670037CA18 /* QTableViewCell.swift */ = {isa = PBXFileReference; lastKnownFileType = sourcecode.swift; path = QTableViewCell.swift; sourceTree = "<group>"; };
		3F3B3ADA21DD864C007670B6 /* MiniQPageViewController.swift */ = {isa = PBXFileReference; lastKnownFileType = sourcecode.swift; path = MiniQPageViewController.swift; sourceTree = "<group>"; };
		3F47825721A31A1F0049E767 /* AlbumTableViewController.swift */ = {isa = PBXFileReference; lastKnownFileType = sourcecode.swift; path = AlbumTableViewController.swift; sourceTree = "<group>"; };
		3F630991210ADA940055DD5E /* MusicSearchViewController.swift */ = {isa = PBXFileReference; explicitFileType = sourcecode.swift; path = MusicSearchViewController.swift; sourceTree = "<group>"; };
		3F68F4FB20F57DF300928008 /* Q.app */ = {isa = PBXFileReference; explicitFileType = wrapper.application; includeInIndex = 0; path = Q.app; sourceTree = BUILT_PRODUCTS_DIR; };
		3F68F4FE20F57DF300928008 /* AppDelegate.swift */ = {isa = PBXFileReference; lastKnownFileType = sourcecode.swift; path = AppDelegate.swift; sourceTree = "<group>"; };
		3F68F50020F57DF300928008 /* LoginViewController.swift */ = {isa = PBXFileReference; lastKnownFileType = sourcecode.swift; path = LoginViewController.swift; sourceTree = "<group>"; };
		3F68F50320F57DF300928008 /* Base */ = {isa = PBXFileReference; lastKnownFileType = file.storyboard; name = Base; path = Base.lproj/Main.storyboard; sourceTree = "<group>"; };
		3F68F50520F57DF500928008 /* Assets.xcassets */ = {isa = PBXFileReference; lastKnownFileType = folder.assetcatalog; path = Assets.xcassets; sourceTree = "<group>"; };
		3F68F50820F57DF500928008 /* Base */ = {isa = PBXFileReference; lastKnownFileType = file.storyboard; name = Base; path = Base.lproj/LaunchScreen.storyboard; sourceTree = "<group>"; };
		3F68F50A20F57DF500928008 /* Info.plist */ = {isa = PBXFileReference; lastKnownFileType = text.plist.xml; path = Info.plist; sourceTree = "<group>"; };
		3F7A822A20FCDB3C00965FB6 /* Bolts.framework */ = {isa = PBXFileReference; lastKnownFileType = wrapper.framework; name = Bolts.framework; path = "../../../../../Downloads/Parse-iOS/Bolts.framework"; sourceTree = "<group>"; };
		3F7A822B20FCDB3C00965FB6 /* Parse.framework */ = {isa = PBXFileReference; lastKnownFileType = wrapper.framework; name = Parse.framework; path = "../../../../../Downloads/Parse-iOS/Parse.framework"; sourceTree = "<group>"; };
		3F7A822E20FCDB5E00965FB6 /* AudioToolbox.framework */ = {isa = PBXFileReference; lastKnownFileType = wrapper.framework; name = AudioToolbox.framework; path = System/Library/Frameworks/AudioToolbox.framework; sourceTree = SDKROOT; };
		3F7A823320FCDBA700965FB6 /* CFNetwork.framework */ = {isa = PBXFileReference; lastKnownFileType = wrapper.framework; name = CFNetwork.framework; path = System/Library/Frameworks/CFNetwork.framework; sourceTree = SDKROOT; };
		3F7A823520FCDBB100965FB6 /* CoreGraphics.framework */ = {isa = PBXFileReference; lastKnownFileType = wrapper.framework; name = CoreGraphics.framework; path = System/Library/Frameworks/CoreGraphics.framework; sourceTree = SDKROOT; };
		3F7A823720FCDBBE00965FB6 /* CoreLocation.framework */ = {isa = PBXFileReference; lastKnownFileType = wrapper.framework; name = CoreLocation.framework; path = System/Library/Frameworks/CoreLocation.framework; sourceTree = SDKROOT; };
		3F7A823920FCDBD600965FB6 /* MobileCoreServices.framework */ = {isa = PBXFileReference; lastKnownFileType = wrapper.framework; name = MobileCoreServices.framework; path = System/Library/Frameworks/MobileCoreServices.framework; sourceTree = SDKROOT; };
		3F7A823B20FCDBDF00965FB6 /* QuartzCore.framework */ = {isa = PBXFileReference; lastKnownFileType = wrapper.framework; name = QuartzCore.framework; path = System/Library/Frameworks/QuartzCore.framework; sourceTree = SDKROOT; };
		3F7A823D20FCDBED00965FB6 /* Security.framework */ = {isa = PBXFileReference; lastKnownFileType = wrapper.framework; name = Security.framework; path = System/Library/Frameworks/Security.framework; sourceTree = SDKROOT; };
		3F7A823F20FCDBF700965FB6 /* StoreKit.framework */ = {isa = PBXFileReference; lastKnownFileType = wrapper.framework; name = StoreKit.framework; path = System/Library/Frameworks/StoreKit.framework; sourceTree = SDKROOT; };
		3F7A824120FCDC0200965FB6 /* SystemConfiguration.framework */ = {isa = PBXFileReference; lastKnownFileType = wrapper.framework; name = SystemConfiguration.framework; path = System/Library/Frameworks/SystemConfiguration.framework; sourceTree = SDKROOT; };
		3F7A824320FCDC1100965FB6 /* libsqlite3.tbd */ = {isa = PBXFileReference; lastKnownFileType = "sourcecode.text-based-dylib-definition"; name = libsqlite3.tbd; path = usr/lib/libsqlite3.tbd; sourceTree = SDKROOT; };
		3F7A824520FCDC1B00965FB6 /* libz.tbd */ = {isa = PBXFileReference; lastKnownFileType = "sourcecode.text-based-dylib-definition"; name = libz.tbd; path = usr/lib/libz.tbd; sourceTree = SDKROOT; };
		3FAEA7012104E76E0069B8BF /* QUserViewController.swift */ = {isa = PBXFileReference; lastKnownFileType = sourcecode.swift; path = QUserViewController.swift; sourceTree = "<group>"; };
		3FAEA7062104F1770069B8BF /* QUser.swift */ = {isa = PBXFileReference; lastKnownFileType = sourcecode.swift; path = QUser.swift; sourceTree = "<group>"; };
		3FAEA70A210568B60069B8BF /* Q.swift */ = {isa = PBXFileReference; lastKnownFileType = sourcecode.swift; path = Q.swift; sourceTree = "<group>"; };
		3FAEA70C210568C80069B8BF /* QViewController.swift */ = {isa = PBXFileReference; lastKnownFileType = sourcecode.swift; path = QViewController.swift; sourceTree = "<group>"; };
		3FAF7CBB211C02AD00AF83E7 /* AlbumTableViewCell.swift */ = {isa = PBXFileReference; lastKnownFileType = sourcecode.swift; path = AlbumTableViewCell.swift; sourceTree = "<group>"; };
		3FAF7CBE211C02DB00AF83E7 /* SongTableViewCell.swift */ = {isa = PBXFileReference; lastKnownFileType = sourcecode.swift; path = SongTableViewCell.swift; sourceTree = "<group>"; };
		3FC2239E21DFAEDE0044E054 /* MaxQPageViewController.swift */ = {isa = PBXFileReference; lastKnownFileType = sourcecode.swift; path = MaxQPageViewController.swift; sourceTree = "<group>"; };
		3FC223A221DFB2F90044E054 /* QPageModel.swift */ = {isa = PBXFileReference; lastKnownFileType = sourcecode.swift; path = QPageModel.swift; sourceTree = "<group>"; };
		3FCDAD252181406200C90B4B /* MusicSearchTableViewCell.swift */ = {isa = PBXFileReference; lastKnownFileType = sourcecode.swift; path = MusicSearchTableViewCell.swift; sourceTree = "<group>"; };
		3FDDF12E20FF11360054F6F7 /* SignUpViewController.swift */ = {isa = PBXFileReference; lastKnownFileType = sourcecode.swift; path = SignUpViewController.swift; sourceTree = "<group>"; };
		3FE23A7021CFB7F700A0F882 /* MusicSearchNavigationViewController.swift */ = {isa = PBXFileReference; lastKnownFileType = sourcecode.swift; path = MusicSearchNavigationViewController.swift; sourceTree = "<group>"; };
		3FE23A7721CFBD7600A0F882 /* AppleMusicConfiguration.swift */ = {isa = PBXFileReference; lastKnownFileType = sourcecode.swift; path = AppleMusicConfiguration.swift; sourceTree = "<group>"; };
		3FE5D35D2111257700CABC65 /* AppleMusicAuthorizationController.swift */ = {isa = PBXFileReference; lastKnownFileType = sourcecode.swift; path = AppleMusicAuthorizationController.swift; sourceTree = "<group>"; };
		3FE5D36021112EAF00CABC65 /* AppleMusicController.swift */ = {isa = PBXFileReference; lastKnownFileType = sourcecode.swift; path = AppleMusicController.swift; sourceTree = "<group>"; };
		3FE5D364211158FE00CABC65 /* JSONKeys.swift */ = {isa = PBXFileReference; lastKnownFileType = sourcecode.swift; path = JSONKeys.swift; sourceTree = "<group>"; };
		3FE5D3662111592700CABC65 /* AppleMusicArtwork.swift */ = {isa = PBXFileReference; lastKnownFileType = sourcecode.swift; path = AppleMusicArtwork.swift; sourceTree = "<group>"; };
		3FE5D3682111593A00CABC65 /* AppleMusicMediaItem.swift */ = {isa = PBXFileReference; lastKnownFileType = sourcecode.swift; path = AppleMusicMediaItem.swift; sourceTree = "<group>"; };
		3FE5D36A2111595000CABC65 /* SerializationError.swift */ = {isa = PBXFileReference; lastKnownFileType = sourcecode.swift; path = SerializationError.swift; sourceTree = "<group>"; };
		3FF49FAF21DEA1DC00D9A377 /* QStatusViewController.swift */ = {isa = PBXFileReference; lastKnownFileType = sourcecode.swift; path = QStatusViewController.swift; sourceTree = "<group>"; };
		E5F7B451E4EAE4467D08D123 /* Pods-Q.release.xcconfig */ = {isa = PBXFileReference; includeInIndex = 1; lastKnownFileType = text.xcconfig; name = "Pods-Q.release.xcconfig"; path = "Pods/Target Support Files/Pods-Q/Pods-Q.release.xcconfig"; sourceTree = "<group>"; };
/* End PBXFileReference section */

/* Begin PBXFrameworksBuildPhase section */
		3F68F4F820F57DF300928008 /* Frameworks */ = {
			isa = PBXFrameworksBuildPhase;
			buildActionMask = 2147483647;
			files = (
				3F7A824620FCDC1B00965FB6 /* libz.tbd in Frameworks */,
				3F7A824420FCDC1100965FB6 /* libsqlite3.tbd in Frameworks */,
				3F7A824220FCDC0200965FB6 /* SystemConfiguration.framework in Frameworks */,
				3F7A824020FCDBF700965FB6 /* StoreKit.framework in Frameworks */,
				3F7A823E20FCDBED00965FB6 /* Security.framework in Frameworks */,
				3F7A823C20FCDBDF00965FB6 /* QuartzCore.framework in Frameworks */,
				3F7A823A20FCDBD600965FB6 /* MobileCoreServices.framework in Frameworks */,
				3F7A823820FCDBBE00965FB6 /* CoreLocation.framework in Frameworks */,
				3F7A823620FCDBB100965FB6 /* CoreGraphics.framework in Frameworks */,
				3F7A823420FCDBA700965FB6 /* CFNetwork.framework in Frameworks */,
				3F7A823220FCDB9100965FB6 /* AudioToolbox.framework in Frameworks */,
				3F7A823020FCDB7900965FB6 /* Parse.framework in Frameworks */,
				3F7A823120FCDB8800965FB6 /* Bolts.framework in Frameworks */,
				DFDC78E72B4F60E49B07FABB /* Pods_Q.framework in Frameworks */,
			);
			runOnlyForDeploymentPostprocessing = 0;
		};
/* End PBXFrameworksBuildPhase section */

/* Begin PBXGroup section */
		3A980A0852168C6A8957C2D7 /* Pods */ = {
			isa = PBXGroup;
			children = (
				3A28B5CF87879FE503B5C05C /* Pods-Q.debug.xcconfig */,
				E5F7B451E4EAE4467D08D123 /* Pods-Q.release.xcconfig */,
			);
			name = Pods;
			sourceTree = "<group>";
		};
		3F02656021DD30B30030867A /* Model */ = {
			isa = PBXGroup;
			children = (
				3F02656121DD30D80030867A /* MediaItem.swift */,
				3F02656321DD3A350030867A /* Artwork.swift */,
			);
			path = Model;
			sourceTree = "<group>";
		};
		3F0C96B6219EFAB500648787 /* QView */ = {
			isa = PBXGroup;
			children = (
				3FAEA70A210568B60069B8BF /* Q.swift */,
				3FAEA70C210568C80069B8BF /* QViewController.swift */,
				3F377560212519670037CA18 /* QTableViewCell.swift */,
			);
			path = QView;
			sourceTree = "<group>";
		};
		3F68F4F220F57DF300928008 = {
			isa = PBXGroup;
			children = (
				3F68F4FD20F57DF300928008 /* Q */,
				3FAEA7002104E6550069B8BF /* supporting-files */,
				3F68F4FC20F57DF300928008 /* Products */,
				3F7A822920FCDB3C00965FB6 /* Frameworks */,
				3A980A0852168C6A8957C2D7 /* Pods */,
			);
			sourceTree = "<group>";
		};
		3F68F4FC20F57DF300928008 /* Products */ = {
			isa = PBXGroup;
			children = (
				3F68F4FB20F57DF300928008 /* Q.app */,
			);
			name = Products;
			sourceTree = "<group>";
		};
		3F68F4FD20F57DF300928008 /* Q */ = {
			isa = PBXGroup;
			children = (
				3FAEA7092105689A0069B8BF /* Q */,
				3FAEA7052104F1500069B8BF /* QUser */,
				3FAEA6FF2104E5A40069B8BF /* login-signup_view-controllers */,
				3F68F50220F57DF300928008 /* Main.storyboard */,
				3F68F50A20F57DF500928008 /* Info.plist */,
			);
			path = Q;
			sourceTree = "<group>";
		};
		3F7A822920FCDB3C00965FB6 /* Frameworks */ = {
			isa = PBXGroup;
			children = (
				3F7A824520FCDC1B00965FB6 /* libz.tbd */,
				3F7A824320FCDC1100965FB6 /* libsqlite3.tbd */,
				3F7A824120FCDC0200965FB6 /* SystemConfiguration.framework */,
				3F7A823F20FCDBF700965FB6 /* StoreKit.framework */,
				3F7A823D20FCDBED00965FB6 /* Security.framework */,
				3F7A823B20FCDBDF00965FB6 /* QuartzCore.framework */,
				3F7A823920FCDBD600965FB6 /* MobileCoreServices.framework */,
				3F7A823720FCDBBE00965FB6 /* CoreLocation.framework */,
				3F7A823520FCDBB100965FB6 /* CoreGraphics.framework */,
				3F7A823320FCDBA700965FB6 /* CFNetwork.framework */,
				3F7A822E20FCDB5E00965FB6 /* AudioToolbox.framework */,
				3F7A822A20FCDB3C00965FB6 /* Bolts.framework */,
				3F7A822B20FCDB3C00965FB6 /* Parse.framework */,
				2CE5A4A6B46119F265CC2D43 /* Pods_Q.framework */,
			);
			name = Frameworks;
			sourceTree = "<group>";
		};
		3FAEA6FF2104E5A40069B8BF /* login-signup_view-controllers */ = {
			isa = PBXGroup;
			children = (
				3F68F50020F57DF300928008 /* LoginViewController.swift */,
				3FDDF12E20FF11360054F6F7 /* SignUpViewController.swift */,
			);
			path = "login-signup_view-controllers";
			sourceTree = "<group>";
		};
		3FAEA7002104E6550069B8BF /* supporting-files */ = {
			isa = PBXGroup;
			children = (
				3F68F4FE20F57DF300928008 /* AppDelegate.swift */,
				3F68F50520F57DF500928008 /* Assets.xcassets */,
				3F68F50720F57DF500928008 /* LaunchScreen.storyboard */,
			);
			path = "supporting-files";
			sourceTree = "<group>";
		};
		3FAEA7052104F1500069B8BF /* QUser */ = {
			isa = PBXGroup;
			children = (
				3FAEA7012104E76E0069B8BF /* QUserViewController.swift */,
				3FAEA7062104F1770069B8BF /* QUser.swift */,
				3FF49FAC21DE955300D9A377 /* Page View Controller */,
			);
			path = QUser;
			sourceTree = "<group>";
		};
		3FAEA7092105689A0069B8BF /* Q */ = {
			isa = PBXGroup;
			children = (
				3F0C96B6219EFAB500648787 /* QView */,
				3FAF7CBD211C02B400AF83E7 /* MusicSearch */,
				3F02656021DD30B30030867A /* Model */,
				3FE5D35F21112E0400CABC65 /* AppleMusic */,
			);
			path = Q;
			sourceTree = "<group>";
		};
		3FAF7CBD211C02B400AF83E7 /* MusicSearch */ = {
			isa = PBXGroup;
			children = (
				3FE23A7421CFB84800A0F882 /* Table View Controllers */,
				3FE23A7321CFB82300A0F882 /* Table View Cells */,
				3FE23A7221CFB80100A0F882 /* Navigation Controller */,
			);
			path = MusicSearch;
			sourceTree = "<group>";
		};
		3FC223A021DFB2980044E054 /* Model */ = {
			isa = PBXGroup;
			children = (
				3FC223A221DFB2F90044E054 /* QPageModel.swift */,
			);
			path = Model;
			sourceTree = "<group>";
		};
		3FC223A121DFB2A10044E054 /* View Controllers */ = {
			isa = PBXGroup;
			children = (
				3FF49FAF21DEA1DC00D9A377 /* QStatusViewController.swift */,
				3F3B3ADA21DD864C007670B6 /* MiniQPageViewController.swift */,
				3FC2239E21DFAEDE0044E054 /* MaxQPageViewController.swift */,
			);
			path = "View Controllers";
			sourceTree = "<group>";
		};
		3FE23A7221CFB80100A0F882 /* Navigation Controller */ = {
			isa = PBXGroup;
			children = (
				3FE23A7021CFB7F700A0F882 /* MusicSearchNavigationViewController.swift */,
			);
			path = "Navigation Controller";
			sourceTree = "<group>";
		};
		3FE23A7321CFB82300A0F882 /* Table View Cells */ = {
			isa = PBXGroup;
			children = (
				3FCDAD252181406200C90B4B /* MusicSearchTableViewCell.swift */,
				3FAF7CBE211C02DB00AF83E7 /* SongTableViewCell.swift */,
				3FAF7CBB211C02AD00AF83E7 /* AlbumTableViewCell.swift */,
			);
			path = "Table View Cells";
			sourceTree = "<group>";
		};
		3FE23A7421CFB84800A0F882 /* Table View Controllers */ = {
			isa = PBXGroup;
			children = (
				3F630991210ADA940055DD5E /* MusicSearchViewController.swift */,
				3F47825721A31A1F0049E767 /* AlbumTableViewController.swift */,
			);
			path = "Table View Controllers";
			sourceTree = "<group>";
		};
		3FE5D35F21112E0400CABC65 /* AppleMusic */ = {
			isa = PBXGroup;
			children = (
				3FE5D362211158A800CABC65 /* Model */,
				3FE5D363211158D200CABC65 /* Utility */,
				3FE5D36021112EAF00CABC65 /* AppleMusicController.swift */,
				3FE5D35D2111257700CABC65 /* AppleMusicAuthorizationController.swift */,
				3FE23A7721CFBD7600A0F882 /* AppleMusicConfiguration.swift */,
			);
			path = AppleMusic;
			sourceTree = "<group>";
		};
		3FE5D362211158A800CABC65 /* Model */ = {
			isa = PBXGroup;
			children = (
				3FE5D3662111592700CABC65 /* AppleMusicArtwork.swift */,
				3FE5D3682111593A00CABC65 /* AppleMusicMediaItem.swift */,
				3FE5D36A2111595000CABC65 /* SerializationError.swift */,
			);
			path = Model;
			sourceTree = "<group>";
		};
		3FE5D363211158D200CABC65 /* Utility */ = {
			isa = PBXGroup;
			children = (
				3F1EACDF210FD18000C5ADFE /* AppleMusicSearchGenerator.swift */,
				3FE5D364211158FE00CABC65 /* JSONKeys.swift */,
			);
			path = Utility;
			sourceTree = "<group>";
		};
		3FF49FAC21DE955300D9A377 /* Page View Controller */ = {
			isa = PBXGroup;
			children = (
				3FC223A021DFB2980044E054 /* Model */,
				3FC223A121DFB2A10044E054 /* View Controllers */,
			);
			path = "Page View Controller";
			sourceTree = "<group>";
		};
/* End PBXGroup section */

/* Begin PBXNativeTarget section */
		3F68F4FA20F57DF300928008 /* Q */ = {
			isa = PBXNativeTarget;
			buildConfigurationList = 3F68F50D20F57DF500928008 /* Build configuration list for PBXNativeTarget "Q" */;
			buildPhases = (
				41716B313A2629B41B9EF120 /* [CP] Check Pods Manifest.lock */,
				3F68F4F720F57DF300928008 /* Sources */,
				3F68F4F820F57DF300928008 /* Frameworks */,
				3F68F4F920F57DF300928008 /* Resources */,
				FDC27B9FE7FABCC241AA4F21 /* [CP] Embed Pods Frameworks */,
			);
			buildRules = (
			);
			dependencies = (
			);
			name = Q;
			productName = Q;
			productReference = 3F68F4FB20F57DF300928008 /* Q.app */;
			productType = "com.apple.product-type.application";
		};
/* End PBXNativeTarget section */

/* Begin PBXProject section */
		3F68F4F320F57DF300928008 /* Project object */ = {
			isa = PBXProject;
			attributes = {
				LastSwiftUpdateCheck = 0940;
				LastUpgradeCheck = 0940;
				ORGANIZATIONNAME = "Nicolai Garcia";
				TargetAttributes = {
					3F68F4FA20F57DF300928008 = {
						CreatedOnToolsVersion = 9.4.1;
						SystemCapabilities = {
							com.apple.BackgroundModes = {
								enabled = 1;
							};
						};
					};
				};
			};
			buildConfigurationList = 3F68F4F620F57DF300928008 /* Build configuration list for PBXProject "Q" */;
			compatibilityVersion = "Xcode 9.3";
			developmentRegion = en;
			hasScannedForEncodings = 0;
			knownRegions = (
				en,
				Base,
			);
			mainGroup = 3F68F4F220F57DF300928008;
			productRefGroup = 3F68F4FC20F57DF300928008 /* Products */;
			projectDirPath = "";
			projectRoot = "";
			targets = (
				3F68F4FA20F57DF300928008 /* Q */,
			);
		};
/* End PBXProject section */

/* Begin PBXResourcesBuildPhase section */
		3F68F4F920F57DF300928008 /* Resources */ = {
			isa = PBXResourcesBuildPhase;
			buildActionMask = 2147483647;
			files = (
				3F68F50920F57DF500928008 /* LaunchScreen.storyboard in Resources */,
				3F68F50620F57DF500928008 /* Assets.xcassets in Resources */,
				3F68F50420F57DF300928008 /* Main.storyboard in Resources */,
			);
			runOnlyForDeploymentPostprocessing = 0;
		};
/* End PBXResourcesBuildPhase section */

/* Begin PBXShellScriptBuildPhase section */
		41716B313A2629B41B9EF120 /* [CP] Check Pods Manifest.lock */ = {
			isa = PBXShellScriptBuildPhase;
			buildActionMask = 2147483647;
			files = (
			);
			inputPaths = (
				"${PODS_PODFILE_DIR_PATH}/Podfile.lock",
				"${PODS_ROOT}/Manifest.lock",
			);
			name = "[CP] Check Pods Manifest.lock";
			outputPaths = (
				"$(DERIVED_FILE_DIR)/Pods-Q-checkManifestLockResult.txt",
			);
			runOnlyForDeploymentPostprocessing = 0;
			shellPath = /bin/sh;
			shellScript = "diff \"${PODS_PODFILE_DIR_PATH}/Podfile.lock\" \"${PODS_ROOT}/Manifest.lock\" > /dev/null\nif [ $? != 0 ] ; then\n    # print error to STDERR\n    echo \"error: The sandbox is not in sync with the Podfile.lock. Run 'pod install' or update your CocoaPods installation.\" >&2\n    exit 1\nfi\n# This output is used by Xcode 'outputs' to avoid re-running this script phase.\necho \"SUCCESS\" > \"${SCRIPT_OUTPUT_FILE_0}\"\n";
			showEnvVarsInLog = 0;
		};
		FDC27B9FE7FABCC241AA4F21 /* [CP] Embed Pods Frameworks */ = {
			isa = PBXShellScriptBuildPhase;
			buildActionMask = 2147483647;
			files = (
			);
			inputPaths = (
				"${SRCROOT}/Pods/Target Support Files/Pods-Q/Pods-Q-frameworks.sh",
				"${BUILT_PRODUCTS_DIR}/Bolts/Bolts.framework",
				"${BUILT_PRODUCTS_DIR}/Parse/Parse.framework",
				"${BUILT_PRODUCTS_DIR}/SDWebImage/SDWebImage.framework",
			);
			name = "[CP] Embed Pods Frameworks";
			outputPaths = (
				"${TARGET_BUILD_DIR}/${FRAMEWORKS_FOLDER_PATH}/Bolts.framework",
				"${TARGET_BUILD_DIR}/${FRAMEWORKS_FOLDER_PATH}/Parse.framework",
				"${TARGET_BUILD_DIR}/${FRAMEWORKS_FOLDER_PATH}/SDWebImage.framework",
			);
			runOnlyForDeploymentPostprocessing = 0;
			shellPath = /bin/sh;
			shellScript = "\"${SRCROOT}/Pods/Target Support Files/Pods-Q/Pods-Q-frameworks.sh\"\n";
			showEnvVarsInLog = 0;
		};
/* End PBXShellScriptBuildPhase section */

/* Begin PBXSourcesBuildPhase section */
		3F68F4F720F57DF300928008 /* Sources */ = {
			isa = PBXSourcesBuildPhase;
			buildActionMask = 2147483647;
			files = (
				3FC2239F21DFAEDE0044E054 /* MaxQPageViewController.swift in Sources */,
				3FE5D36B2111595000CABC65 /* SerializationError.swift in Sources */,
				3FCDAD262181406200C90B4B /* MusicSearchTableViewCell.swift in Sources */,
				3F377561212519670037CA18 /* QTableViewCell.swift in Sources */,
				3FE23A7821CFBD7600A0F882 /* AppleMusicConfiguration.swift in Sources */,
				3F630992210ADA940055DD5E /* MusicSearchViewController.swift in Sources */,
				3FAEA7022104E76E0069B8BF /* QUserViewController.swift in Sources */,
				3FDDF12F20FF11360054F6F7 /* SignUpViewController.swift in Sources */,
				3FAEA70D210568C80069B8BF /* QViewController.swift in Sources */,
				3FE5D35E2111257700CABC65 /* AppleMusicAuthorizationController.swift in Sources */,
				3F68F50120F57DF300928008 /* LoginViewController.swift in Sources */,
				3F02656421DD3A350030867A /* Artwork.swift in Sources */,
				3FAF7CBC211C02AD00AF83E7 /* AlbumTableViewCell.swift in Sources */,
				3F02656221DD30D80030867A /* MediaItem.swift in Sources */,
				3FAEA70B210568B60069B8BF /* Q.swift in Sources */,
				3FE5D3692111593A00CABC65 /* AppleMusicMediaItem.swift in Sources */,
				3FE5D3672111592700CABC65 /* AppleMusicArtwork.swift in Sources */,
				3FF49FB021DEA1DC00D9A377 /* QStatusViewController.swift in Sources */,
				3FC223A321DFB2F90044E054 /* QPageModel.swift in Sources */,
				3FE5D365211158FE00CABC65 /* JSONKeys.swift in Sources */,
				3FAF7CBF211C02DB00AF83E7 /* SongTableViewCell.swift in Sources */,
				3FAEA7072104F1770069B8BF /* QUser.swift in Sources */,
				3FE23A7121CFB7F700A0F882 /* MusicSearchNavigationViewController.swift in Sources */,
				3F1EACE0210FD18000C5ADFE /* AppleMusicSearchGenerator.swift in Sources */,
				3F3B3ADB21DD864C007670B6 /* MiniQPageViewController.swift in Sources */,
				3F47825821A31A1F0049E767 /* AlbumTableViewController.swift in Sources */,
				3FE5D36121112EAF00CABC65 /* AppleMusicController.swift in Sources */,
				3F68F4FF20F57DF300928008 /* AppDelegate.swift in Sources */,
			);
			runOnlyForDeploymentPostprocessing = 0;
		};
/* End PBXSourcesBuildPhase section */

/* Begin PBXVariantGroup section */
		3F68F50220F57DF300928008 /* Main.storyboard */ = {
			isa = PBXVariantGroup;
			children = (
				3F68F50320F57DF300928008 /* Base */,
			);
			name = Main.storyboard;
			sourceTree = "<group>";
		};
		3F68F50720F57DF500928008 /* LaunchScreen.storyboard */ = {
			isa = PBXVariantGroup;
			children = (
				3F68F50820F57DF500928008 /* Base */,
			);
			name = LaunchScreen.storyboard;
			sourceTree = "<group>";
		};
/* End PBXVariantGroup section */

/* Begin XCBuildConfiguration section */
		3F68F50B20F57DF500928008 /* Debug */ = {
			isa = XCBuildConfiguration;
			buildSettings = {
				ALWAYS_SEARCH_USER_PATHS = NO;
				CLANG_ANALYZER_NONNULL = YES;
				CLANG_ANALYZER_NUMBER_OBJECT_CONVERSION = YES_AGGRESSIVE;
				CLANG_CXX_LANGUAGE_STANDARD = "gnu++14";
				CLANG_CXX_LIBRARY = "libc++";
				CLANG_ENABLE_MODULES = YES;
				CLANG_ENABLE_OBJC_ARC = YES;
				CLANG_ENABLE_OBJC_WEAK = YES;
				CLANG_WARN_BLOCK_CAPTURE_AUTORELEASING = YES;
				CLANG_WARN_BOOL_CONVERSION = YES;
				CLANG_WARN_COMMA = YES;
				CLANG_WARN_CONSTANT_CONVERSION = YES;
				CLANG_WARN_DEPRECATED_OBJC_IMPLEMENTATIONS = YES;
				CLANG_WARN_DIRECT_OBJC_ISA_USAGE = YES_ERROR;
				CLANG_WARN_DOCUMENTATION_COMMENTS = YES;
				CLANG_WARN_EMPTY_BODY = YES;
				CLANG_WARN_ENUM_CONVERSION = YES;
				CLANG_WARN_INFINITE_RECURSION = YES;
				CLANG_WARN_INT_CONVERSION = YES;
				CLANG_WARN_NON_LITERAL_NULL_CONVERSION = YES;
				CLANG_WARN_OBJC_IMPLICIT_RETAIN_SELF = YES;
				CLANG_WARN_OBJC_LITERAL_CONVERSION = YES;
				CLANG_WARN_OBJC_ROOT_CLASS = YES_ERROR;
				CLANG_WARN_RANGE_LOOP_ANALYSIS = YES;
				CLANG_WARN_STRICT_PROTOTYPES = YES;
				CLANG_WARN_SUSPICIOUS_MOVE = YES;
				CLANG_WARN_UNGUARDED_AVAILABILITY = YES_AGGRESSIVE;
				CLANG_WARN_UNREACHABLE_CODE = YES;
				CLANG_WARN__DUPLICATE_METHOD_MATCH = YES;
				CODE_SIGN_IDENTITY = "iPhone Developer";
				COPY_PHASE_STRIP = NO;
				DEBUG_INFORMATION_FORMAT = dwarf;
				ENABLE_STRICT_OBJC_MSGSEND = YES;
				ENABLE_TESTABILITY = YES;
				GCC_C_LANGUAGE_STANDARD = gnu11;
				GCC_DYNAMIC_NO_PIC = NO;
				GCC_NO_COMMON_BLOCKS = YES;
				GCC_OPTIMIZATION_LEVEL = 0;
				GCC_PREPROCESSOR_DEFINITIONS = (
					"DEBUG=1",
					"$(inherited)",
				);
				GCC_WARN_64_TO_32_BIT_CONVERSION = YES;
				GCC_WARN_ABOUT_RETURN_TYPE = YES_ERROR;
				GCC_WARN_UNDECLARED_SELECTOR = YES;
				GCC_WARN_UNINITIALIZED_AUTOS = YES_AGGRESSIVE;
				GCC_WARN_UNUSED_FUNCTION = YES;
				GCC_WARN_UNUSED_VARIABLE = YES;
				IPHONEOS_DEPLOYMENT_TARGET = 11.4;
				MTL_ENABLE_DEBUG_INFO = YES;
				ONLY_ACTIVE_ARCH = YES;
				SDKROOT = iphoneos;
				SWIFT_ACTIVE_COMPILATION_CONDITIONS = DEBUG;
				SWIFT_OPTIMIZATION_LEVEL = "-Onone";
			};
			name = Debug;
		};
		3F68F50C20F57DF500928008 /* Release */ = {
			isa = XCBuildConfiguration;
			buildSettings = {
				ALWAYS_SEARCH_USER_PATHS = NO;
				CLANG_ANALYZER_NONNULL = YES;
				CLANG_ANALYZER_NUMBER_OBJECT_CONVERSION = YES_AGGRESSIVE;
				CLANG_CXX_LANGUAGE_STANDARD = "gnu++14";
				CLANG_CXX_LIBRARY = "libc++";
				CLANG_ENABLE_MODULES = YES;
				CLANG_ENABLE_OBJC_ARC = YES;
				CLANG_ENABLE_OBJC_WEAK = YES;
				CLANG_WARN_BLOCK_CAPTURE_AUTORELEASING = YES;
				CLANG_WARN_BOOL_CONVERSION = YES;
				CLANG_WARN_COMMA = YES;
				CLANG_WARN_CONSTANT_CONVERSION = YES;
				CLANG_WARN_DEPRECATED_OBJC_IMPLEMENTATIONS = YES;
				CLANG_WARN_DIRECT_OBJC_ISA_USAGE = YES_ERROR;
				CLANG_WARN_DOCUMENTATION_COMMENTS = YES;
				CLANG_WARN_EMPTY_BODY = YES;
				CLANG_WARN_ENUM_CONVERSION = YES;
				CLANG_WARN_INFINITE_RECURSION = YES;
				CLANG_WARN_INT_CONVERSION = YES;
				CLANG_WARN_NON_LITERAL_NULL_CONVERSION = YES;
				CLANG_WARN_OBJC_IMPLICIT_RETAIN_SELF = YES;
				CLANG_WARN_OBJC_LITERAL_CONVERSION = YES;
				CLANG_WARN_OBJC_ROOT_CLASS = YES_ERROR;
				CLANG_WARN_RANGE_LOOP_ANALYSIS = YES;
				CLANG_WARN_STRICT_PROTOTYPES = YES;
				CLANG_WARN_SUSPICIOUS_MOVE = YES;
				CLANG_WARN_UNGUARDED_AVAILABILITY = YES_AGGRESSIVE;
				CLANG_WARN_UNREACHABLE_CODE = YES;
				CLANG_WARN__DUPLICATE_METHOD_MATCH = YES;
				CODE_SIGN_IDENTITY = "iPhone Developer";
				COPY_PHASE_STRIP = NO;
				DEBUG_INFORMATION_FORMAT = "dwarf-with-dsym";
				ENABLE_NS_ASSERTIONS = NO;
				ENABLE_STRICT_OBJC_MSGSEND = YES;
				GCC_C_LANGUAGE_STANDARD = gnu11;
				GCC_NO_COMMON_BLOCKS = YES;
				GCC_WARN_64_TO_32_BIT_CONVERSION = YES;
				GCC_WARN_ABOUT_RETURN_TYPE = YES_ERROR;
				GCC_WARN_UNDECLARED_SELECTOR = YES;
				GCC_WARN_UNINITIALIZED_AUTOS = YES_AGGRESSIVE;
				GCC_WARN_UNUSED_FUNCTION = YES;
				GCC_WARN_UNUSED_VARIABLE = YES;
				IPHONEOS_DEPLOYMENT_TARGET = 11.4;
				MTL_ENABLE_DEBUG_INFO = NO;
				SDKROOT = iphoneos;
				SWIFT_COMPILATION_MODE = wholemodule;
				SWIFT_OPTIMIZATION_LEVEL = "-O";
				VALIDATE_PRODUCT = YES;
			};
			name = Release;
		};
		3F68F50E20F57DF500928008 /* Debug */ = {
			isa = XCBuildConfiguration;
			baseConfigurationReference = 3A28B5CF87879FE503B5C05C /* Pods-Q.debug.xcconfig */;
			buildSettings = {
				ASSETCATALOG_COMPILER_APPICON_NAME = AppIcon;
				CODE_SIGN_STYLE = Automatic;
				DEVELOPMENT_TEAM = FKBJL37HPQ;
				"FRAMEWORK_SEARCH_PATHS[arch=*]" = "$(inherited)";
				INFOPLIST_FILE = Q/Info.plist;
				LD_RUNPATH_SEARCH_PATHS = (
					"$(inherited)",
					"@executable_path/Frameworks",
				);
				PRODUCT_BUNDLE_IDENTIFIER = com.nicolaig.Q;
				PRODUCT_NAME = "$(TARGET_NAME)";
				SWIFT_VERSION = 4.0;
				TARGETED_DEVICE_FAMILY = "1,2";
			};
			name = Debug;
		};
		3F68F50F20F57DF500928008 /* Release */ = {
			isa = XCBuildConfiguration;
			baseConfigurationReference = E5F7B451E4EAE4467D08D123 /* Pods-Q.release.xcconfig */;
			buildSettings = {
				ASSETCATALOG_COMPILER_APPICON_NAME = AppIcon;
				CODE_SIGN_STYLE = Automatic;
				DEVELOPMENT_TEAM = FKBJL37HPQ;
				"FRAMEWORK_SEARCH_PATHS[arch=*]" = "$(PROJECT_DIR)";
				INFOPLIST_FILE = Q/Info.plist;
				LD_RUNPATH_SEARCH_PATHS = (
					"$(inherited)",
					"@executable_path/Frameworks",
				);
				PRODUCT_BUNDLE_IDENTIFIER = com.nicolaig.Q;
				PRODUCT_NAME = "$(TARGET_NAME)";
				SWIFT_VERSION = 4.0;
				TARGETED_DEVICE_FAMILY = "1,2";
			};
			name = Release;
		};
/* End XCBuildConfiguration section */

/* Begin XCConfigurationList section */
		3F68F4F620F57DF300928008 /* Build configuration list for PBXProject "Q" */ = {
			isa = XCConfigurationList;
			buildConfigurations = (
				3F68F50B20F57DF500928008 /* Debug */,
				3F68F50C20F57DF500928008 /* Release */,
			);
			defaultConfigurationIsVisible = 0;
			defaultConfigurationName = Release;
		};
		3F68F50D20F57DF500928008 /* Build configuration list for PBXNativeTarget "Q" */ = {
			isa = XCConfigurationList;
			buildConfigurations = (
				3F68F50E20F57DF500928008 /* Debug */,
				3F68F50F20F57DF500928008 /* Release */,
			);
			defaultConfigurationIsVisible = 0;
			defaultConfigurationName = Release;
		};
/* End XCConfigurationList section */
	};
	rootObject = 3F68F4F320F57DF300928008 /* Project object */;
}
